
Microsoft Visual Studio Solution File, Format Version 12.00
# Visual Studio Version 17
VisualStudioVersion = 17.4.33110.190
MinimumVisualStudioVersion = 10.0.40219.1
Project("{FAE04EC0-301F-11D3-BF4B-00C04F79EFBC}") = "Weatherapp", "Weatherapp\Weatherapp.csproj", "{E0EFFD8C-4839-4DE5-ADE9-00DA7D7A9C5E}"
EndProject
Global
	GlobalSection(SolutionConfigurationPlatforms) = preSolution
		Debug|Any CPU = Debug|Any CPU
		Release|Any CPU = Release|Any CPU
	EndGlobalSection
	GlobalSection(ProjectConfigurationPlatforms) = postSolution
		{E0EFFD8C-4839-4DE5-ADE9-00DA7D7A9C5E}.Debug|Any CPU.ActiveCfg = Debug|Any CPU
		{E0EFFD8C-4839-4DE5-ADE9-00DA7D7A9C5E}.Debug|Any CPU.Build.0 = Debug|Any CPU
		{E0EFFD8C-4839-4DE5-ADE9-00DA7D7A9C5E}.Release|Any CPU.ActiveCfg = Release|Any CPU
		{E0EFFD8C-4839-4DE5-ADE9-00DA7D7A9C5E}.Release|Any CPU.Build.0 = Release|Any CPU
	EndGlobalSection
	GlobalSection(SolutionProperties) = preSolution
		HideSolutionNode = FALSE
	EndGlobalSection
	GlobalSection(ExtensibilityGlobals) = postSolution
		SolutionGuid = {D3EFF241-A1A3-4CF2-A9BE-91FC8D286674}
	EndGlobalSection
EndGlobal
